
Microsoft Visual Studio Solution File, Format Version 12.00
# Visual Studio Version 17
VisualStudioVersion = 17.4.33213.308
MinimumVisualStudioVersion = 10.0.40219.1
Project("{FAE04EC0-301F-11D3-BF4B-00C04F79EFBC}") = "Lab 2", "Lab 2\Lab 2.csproj", "{C74AEAF7-3E9A-45A7-A8ED-7E90FE5E035D}"
EndProject
Global
	GlobalSection(SolutionConfigurationPlatforms) = preSolution
		Debug|Any CPU = Debug|Any CPU
		Release|Any CPU = Release|Any CPU
	EndGlobalSection
	GlobalSection(ProjectConfigurationPlatforms) = postSolution
		{C74AEAF7-3E9A-45A7-A8ED-7E90FE5E035D}.Debug|Any CPU.ActiveCfg = Debug|Any CPU
		{C74AEAF7-3E9A-45A7-A8ED-7E90FE5E035D}.Debug|Any CPU.Build.0 = Debug|Any CPU
		{C74AEAF7-3E9A-45A7-A8ED-7E90FE5E035D}.Release|Any CPU.ActiveCfg = Release|Any CPU
		{C74AEAF7-3E9A-45A7-A8ED-7E90FE5E035D}.Release|Any CPU.Build.0 = Release|Any CPU
	EndGlobalSection
	GlobalSection(SolutionProperties) = preSolution
		HideSolutionNode = FALSE
	EndGlobalSection
	GlobalSection(ExtensibilityGlobals) = postSolution
		SolutionGuid = {75984CD3-A501-43CC-8562-BBA65926BAB2}
	EndGlobalSection
EndGlobal
